
Microsoft Visual Studio Solution File, Format Version 12.00
# Visual Studio Version 17
VisualStudioVersion = 17.3.32825.248
MinimumVisualStudioVersion = 10.0.40219.1
Project("{8BC9CEB8-8B4A-11D0-8D11-00A0C91BC942}") = "1114", "1114\1114.vcxproj", "{A2727A10-5BE3-4C7D-860A-C382EE84075F}"
EndProject
Global
	GlobalSection(SolutionConfigurationPlatforms) = preSolution
		Debug|x64 = Debug|x64
		Debug|x86 = Debug|x86
		Release|x64 = Release|x64
		Release|x86 = Release|x86
	EndGlobalSection
	GlobalSection(ProjectConfigurationPlatforms) = postSolution
		{A2727A10-5BE3-4C7D-860A-C382EE84075F}.Debug|x64.ActiveCfg = Debug|x64
		{A2727A10-5BE3-4C7D-860A-C382EE84075F}.Debug|x64.Build.0 = Debug|x64
		{A2727A10-5BE3-4C7D-860A-C382EE84075F}.Debug|x86.ActiveCfg = Debug|Win32
		{A2727A10-5BE3-4C7D-860A-C382EE84075F}.Debug|x86.Build.0 = Debug|Win32
		{A2727A10-5BE3-4C7D-860A-C382EE84075F}.Release|x64.ActiveCfg = Release|x64
		{A2727A10-5BE3-4C7D-860A-C382EE84075F}.Release|x64.Build.0 = Release|x64
		{A2727A10-5BE3-4C7D-860A-C382EE84075F}.Release|x86.ActiveCfg = Release|Win32
		{A2727A10-5BE3-4C7D-860A-C382EE84075F}.Release|x86.Build.0 = Release|Win32
	EndGlobalSection
	GlobalSection(SolutionProperties) = preSolution
		HideSolutionNode = FALSE
	EndGlobalSection
	GlobalSection(ExtensibilityGlobals) = postSolution
		SolutionGuid = {9B87D1F6-38EC-4B4E-9C3D-80E3A7237217}
	EndGlobalSection
EndGlobal
