
Microsoft Visual Studio Solution File, Format Version 12.00
# Visual Studio Version 17
VisualStudioVersion = 17.3.32825.248
MinimumVisualStudioVersion = 10.0.40219.1
Project("{8BC9CEB8-8B4A-11D0-8D11-00A0C91BC942}") = "iterator", "iterator\iterator.vcxproj", "{14FDFB3A-7A67-4DC8-B4F4-D80FF3D246EC}"
EndProject
Global
	GlobalSection(SolutionConfigurationPlatforms) = preSolution
		Debug|x64 = Debug|x64
		Debug|x86 = Debug|x86
		Release|x64 = Release|x64
		Release|x86 = Release|x86
	EndGlobalSection
	GlobalSection(ProjectConfigurationPlatforms) = postSolution
		{14FDFB3A-7A67-4DC8-B4F4-D80FF3D246EC}.Debug|x64.ActiveCfg = Debug|x64
		{14FDFB3A-7A67-4DC8-B4F4-D80FF3D246EC}.Debug|x64.Build.0 = Debug|x64
		{14FDFB3A-7A67-4DC8-B4F4-D80FF3D246EC}.Debug|x86.ActiveCfg = Debug|Win32
		{14FDFB3A-7A67-4DC8-B4F4-D80FF3D246EC}.Debug|x86.Build.0 = Debug|Win32
		{14FDFB3A-7A67-4DC8-B4F4-D80FF3D246EC}.Release|x64.ActiveCfg = Release|x64
		{14FDFB3A-7A67-4DC8-B4F4-D80FF3D246EC}.Release|x64.Build.0 = Release|x64
		{14FDFB3A-7A67-4DC8-B4F4-D80FF3D246EC}.Release|x86.ActiveCfg = Release|Win32
		{14FDFB3A-7A67-4DC8-B4F4-D80FF3D246EC}.Release|x86.Build.0 = Release|Win32
	EndGlobalSection
	GlobalSection(SolutionProperties) = preSolution
		HideSolutionNode = FALSE
	EndGlobalSection
	GlobalSection(ExtensibilityGlobals) = postSolution
		SolutionGuid = {482263F6-7E5F-4470-8D14-DA17F17CDCC9}
	EndGlobalSection
EndGlobal
